// !$*UTF8*$!
{
	archiveVersion = 1;
	classes = {
	};
	objectVersion = 48;
	objects = {

/* Begin PBXBuildFile section */
		5727C80C203EEC5F00FC6BE6 /* YFTabBarController.swift in Sources */ = {isa = PBXBuildFile; fileRef = 5727C80B203EEC5F00FC6BE6 /* YFTabBarController.swift */; };
		5727C80E203EEC7700FC6BE6 /* YFViewController.swift in Sources */ = {isa = PBXBuildFile; fileRef = 5727C80D203EEC7700FC6BE6 /* YFViewController.swift */; };
		5727C810203EEC9C00FC6BE6 /* YFDiscoverController.swift in Sources */ = {isa = PBXBuildFile; fileRef = 5727C80F203EEC9C00FC6BE6 /* YFDiscoverController.swift */; };
		5727C812203EECAB00FC6BE6 /* YFHomeController.swift in Sources */ = {isa = PBXBuildFile; fileRef = 5727C811203EECAB00FC6BE6 /* YFHomeController.swift */; };
		5727C814203EECBA00FC6BE6 /* YFMessageController.swift in Sources */ = {isa = PBXBuildFile; fileRef = 5727C813203EECBA00FC6BE6 /* YFMessageController.swift */; };
		5727C816203EECC600FC6BE6 /* YFProfileController.swift in Sources */ = {isa = PBXBuildFile; fileRef = 5727C815203EECC600FC6BE6 /* YFProfileController.swift */; };
		5727C818203EF80500FC6BE6 /* YFCommon.swift in Sources */ = {isa = PBXBuildFile; fileRef = 5727C817203EF80500FC6BE6 /* YFCommon.swift */; };
		5727C81A203FA70500FC6BE6 /* UIButton+Extension.swift in Sources */ = {isa = PBXBuildFile; fileRef = 5727C819203FA70500FC6BE6 /* UIButton+Extension.swift */; };
		575637B1203EAFDB00EF656D /* AppDelegate.swift in Sources */ = {isa = PBXBuildFile; fileRef = 575637B0203EAFDB00EF656D /* AppDelegate.swift */; };
		575637B3203EAFDB00EF656D /* ViewController.swift in Sources */ = {isa = PBXBuildFile; fileRef = 575637B2203EAFDB00EF656D /* ViewController.swift */; };
		575637B8203EAFDB00EF656D /* Assets.xcassets in Resources */ = {isa = PBXBuildFile; fileRef = 575637B7203EAFDB00EF656D /* Assets.xcassets */; };
		575637BB203EAFDB00EF656D /* LaunchScreen.storyboard in Resources */ = {isa = PBXBuildFile; fileRef = 575637B9203EAFDB00EF656D /* LaunchScreen.storyboard */; };
		887D0D07EAA7343CE69C35D0 /* Pods_YFWeibo.framework in Frameworks */ = {isa = PBXBuildFile; fileRef = 4CE82FC22D18969616BC923D /* Pods_YFWeibo.framework */; };
/* End PBXBuildFile section */

/* Begin PBXFileReference section */
		142C15AB9B80C50F7A328063 /* Pods-YFWeibo.release.xcconfig */ = {isa = PBXFileReference; includeInIndex = 1; lastKnownFileType = text.xcconfig; name = "Pods-YFWeibo.release.xcconfig"; path = "Pods/Target Support Files/Pods-YFWeibo/Pods-YFWeibo.release.xcconfig"; sourceTree = "<group>"; };
		4CE82FC22D18969616BC923D /* Pods_YFWeibo.framework */ = {isa = PBXFileReference; explicitFileType = wrapper.framework; includeInIndex = 0; path = Pods_YFWeibo.framework; sourceTree = BUILT_PRODUCTS_DIR; };
		5727C80B203EEC5F00FC6BE6 /* YFTabBarController.swift */ = {isa = PBXFileReference; lastKnownFileType = sourcecode.swift; path = YFTabBarController.swift; sourceTree = "<group>"; };
		5727C80D203EEC7700FC6BE6 /* YFViewController.swift */ = {isa = PBXFileReference; lastKnownFileType = sourcecode.swift; path = YFViewController.swift; sourceTree = "<group>"; };
		5727C80F203EEC9C00FC6BE6 /* YFDiscoverController.swift */ = {isa = PBXFileReference; lastKnownFileType = sourcecode.swift; path = YFDiscoverController.swift; sourceTree = "<group>"; };
		5727C811203EECAB00FC6BE6 /* YFHomeController.swift */ = {isa = PBXFileReference; lastKnownFileType = sourcecode.swift; path = YFHomeController.swift; sourceTree = "<group>"; };
		5727C813203EECBA00FC6BE6 /* YFMessageController.swift */ = {isa = PBXFileReference; lastKnownFileType = sourcecode.swift; path = YFMessageController.swift; sourceTree = "<group>"; };
		5727C815203EECC600FC6BE6 /* YFProfileController.swift */ = {isa = PBXFileReference; lastKnownFileType = sourcecode.swift; path = YFProfileController.swift; sourceTree = "<group>"; };
		5727C817203EF80500FC6BE6 /* YFCommon.swift */ = {isa = PBXFileReference; lastKnownFileType = sourcecode.swift; path = YFCommon.swift; sourceTree = "<group>"; };
		5727C819203FA70500FC6BE6 /* UIButton+Extension.swift */ = {isa = PBXFileReference; lastKnownFileType = sourcecode.swift; path = "UIButton+Extension.swift"; sourceTree = "<group>"; };
		575637AD203EAFDB00EF656D /* YFWeibo.app */ = {isa = PBXFileReference; explicitFileType = wrapper.application; includeInIndex = 0; path = YFWeibo.app; sourceTree = BUILT_PRODUCTS_DIR; };
		575637B0203EAFDB00EF656D /* AppDelegate.swift */ = {isa = PBXFileReference; lastKnownFileType = sourcecode.swift; path = AppDelegate.swift; sourceTree = "<group>"; };
		575637B2203EAFDB00EF656D /* ViewController.swift */ = {isa = PBXFileReference; lastKnownFileType = sourcecode.swift; path = ViewController.swift; sourceTree = "<group>"; };
		575637B7203EAFDB00EF656D /* Assets.xcassets */ = {isa = PBXFileReference; lastKnownFileType = folder.assetcatalog; path = Assets.xcassets; sourceTree = "<group>"; };
		575637BA203EAFDB00EF656D /* Base */ = {isa = PBXFileReference; lastKnownFileType = file.storyboard; name = Base; path = Base.lproj/LaunchScreen.storyboard; sourceTree = "<group>"; };
		575637BC203EAFDB00EF656D /* Info.plist */ = {isa = PBXFileReference; lastKnownFileType = text.plist.xml; path = Info.plist; sourceTree = "<group>"; };
		6CA9B8805CC4D0D0FB4898A7 /* Pods-YFWeibo.debug.xcconfig */ = {isa = PBXFileReference; includeInIndex = 1; lastKnownFileType = text.xcconfig; name = "Pods-YFWeibo.debug.xcconfig"; path = "Pods/Target Support Files/Pods-YFWeibo/Pods-YFWeibo.debug.xcconfig"; sourceTree = "<group>"; };
/* End PBXFileReference section */

/* Begin PBXFrameworksBuildPhase section */
		575637AA203EAFDB00EF656D /* Frameworks */ = {
			isa = PBXFrameworksBuildPhase;
			buildActionMask = 2147483647;
			files = (
				887D0D07EAA7343CE69C35D0 /* Pods_YFWeibo.framework in Frameworks */,
			);
			runOnlyForDeploymentPostprocessing = 0;
		};
/* End PBXFrameworksBuildPhase section */

/* Begin PBXGroup section */
		16A66BAF0303299BF12B25EE /* Frameworks */ = {
			isa = PBXGroup;
			children = (
				4CE82FC22D18969616BC923D /* Pods_YFWeibo.framework */,
			);
			name = Frameworks;
			sourceTree = "<group>";
		};
		5727C801203EEC2A00FC6BE6 /* Classes */ = {
			isa = PBXGroup;
			children = (
				5727C802203EEC2A00FC6BE6 /* Models */,
				5727C803203EEC2A00FC6BE6 /* Tools */,
				5727C804203EEC2A00FC6BE6 /* ViewControllers */,
				5727C80A203EEC2A00FC6BE6 /* ViewModels */,
			);
			path = Classes;
			sourceTree = "<group>";
		};
		5727C802203EEC2A00FC6BE6 /* Models */ = {
			isa = PBXGroup;
			children = (
			);
			path = Models;
			sourceTree = "<group>";
		};
		5727C803203EEC2A00FC6BE6 /* Tools */ = {
			isa = PBXGroup;
			children = (
				5727C817203EF80500FC6BE6 /* YFCommon.swift */,
				5727C819203FA70500FC6BE6 /* UIButton+Extension.swift */,
			);
			path = Tools;
			sourceTree = "<group>";
		};
		5727C804203EEC2A00FC6BE6 /* ViewControllers */ = {
			isa = PBXGroup;
			children = (
				5727C805203EEC2A00FC6BE6 /* Discover */,
				5727C806203EEC2A00FC6BE6 /* Home */,
				5727C807203EEC2A00FC6BE6 /* Main */,
				5727C808203EEC2A00FC6BE6 /* Message */,
				5727C809203EEC2A00FC6BE6 /* Profile */,
			);
			path = ViewControllers;
			sourceTree = "<group>";
		};
		5727C805203EEC2A00FC6BE6 /* Discover */ = {
			isa = PBXGroup;
			children = (
				5727C80F203EEC9C00FC6BE6 /* YFDiscoverController.swift */,
			);
			path = Discover;
			sourceTree = "<group>";
		};
		5727C806203EEC2A00FC6BE6 /* Home */ = {
			isa = PBXGroup;
			children = (
				5727C811203EECAB00FC6BE6 /* YFHomeController.swift */,
			);
			path = Home;
			sourceTree = "<group>";
		};
		5727C807203EEC2A00FC6BE6 /* Main */ = {
			isa = PBXGroup;
			children = (
				5727C80B203EEC5F00FC6BE6 /* YFTabBarController.swift */,
				5727C80D203EEC7700FC6BE6 /* YFViewController.swift */,
			);
			path = Main;
			sourceTree = "<group>";
		};
		5727C808203EEC2A00FC6BE6 /* Message */ = {
			isa = PBXGroup;
			children = (
				5727C813203EECBA00FC6BE6 /* YFMessageController.swift */,
			);
			path = Message;
			sourceTree = "<group>";
		};
		5727C809203EEC2A00FC6BE6 /* Profile */ = {
			isa = PBXGroup;
			children = (
				5727C815203EECC600FC6BE6 /* YFProfileController.swift */,
			);
			path = Profile;
			sourceTree = "<group>";
		};
		5727C80A203EEC2A00FC6BE6 /* ViewModels */ = {
			isa = PBXGroup;
			children = (
			);
			path = ViewModels;
			sourceTree = "<group>";
		};
		575637A4203EAFDB00EF656D = {
			isa = PBXGroup;
			children = (
				575637AF203EAFDB00EF656D /* YFWeibo */,
				575637AE203EAFDB00EF656D /* Products */,
				FFF17B7D7ED716E52A1F12CD /* Pods */,
				16A66BAF0303299BF12B25EE /* Frameworks */,
			);
			sourceTree = "<group>";
		};
		575637AE203EAFDB00EF656D /* Products */ = {
			isa = PBXGroup;
			children = (
				575637AD203EAFDB00EF656D /* YFWeibo.app */,
			);
			name = Products;
			sourceTree = "<group>";
		};
		575637AF203EAFDB00EF656D /* YFWeibo */ = {
			isa = PBXGroup;
			children = (
				5727C801203EEC2A00FC6BE6 /* Classes */,
				575637B0203EAFDB00EF656D /* AppDelegate.swift */,
				575637B2203EAFDB00EF656D /* ViewController.swift */,
				575637B7203EAFDB00EF656D /* Assets.xcassets */,
				575637B9203EAFDB00EF656D /* LaunchScreen.storyboard */,
				575637BC203EAFDB00EF656D /* Info.plist */,
			);
			path = YFWeibo;
			sourceTree = "<group>";
		};
		FFF17B7D7ED716E52A1F12CD /* Pods */ = {
			isa = PBXGroup;
			children = (
				6CA9B8805CC4D0D0FB4898A7 /* Pods-YFWeibo.debug.xcconfig */,
				142C15AB9B80C50F7A328063 /* Pods-YFWeibo.release.xcconfig */,
			);
			name = Pods;
			sourceTree = "<group>";
		};
/* End PBXGroup section */

/* Begin PBXNativeTarget section */
		575637AC203EAFDB00EF656D /* YFWeibo */ = {
			isa = PBXNativeTarget;
			buildConfigurationList = 575637BF203EAFDB00EF656D /* Build configuration list for PBXNativeTarget "YFWeibo" */;
			buildPhases = (
				413AECA0138225BDDBD27EF1 /* [CP] Check Pods Manifest.lock */,
				575637A9203EAFDB00EF656D /* Sources */,
				575637AA203EAFDB00EF656D /* Frameworks */,
				575637AB203EAFDB00EF656D /* Resources */,
				D7470EADC3BCCC8D7EF5D1C6 /* [CP] Embed Pods Frameworks */,
				6774465BB5909B63E6927677 /* [CP] Copy Pods Resources */,
			);
			buildRules = (
			);
			dependencies = (
			);
			name = YFWeibo;
			productName = YFWeibo;
			productReference = 575637AD203EAFDB00EF656D /* YFWeibo.app */;
			productType = "com.apple.product-type.application";
		};
/* End PBXNativeTarget section */

/* Begin PBXProject section */
		575637A5203EAFDB00EF656D /* Project object */ = {
			isa = PBXProject;
			attributes = {
				LastSwiftUpdateCheck = 0920;
				LastUpgradeCheck = 0920;
				ORGANIZATIONNAME = tsaievan;
				TargetAttributes = {
					575637AC203EAFDB00EF656D = {
						CreatedOnToolsVersion = 9.2;
						ProvisioningStyle = Automatic;
					};
				};
			};
			buildConfigurationList = 575637A8203EAFDB00EF656D /* Build configuration list for PBXProject "YFWeibo" */;
			compatibilityVersion = "Xcode 8.0";
			developmentRegion = en;
			hasScannedForEncodings = 0;
			knownRegions = (
				en,
				Base,
			);
			mainGroup = 575637A4203EAFDB00EF656D;
			productRefGroup = 575637AE203EAFDB00EF656D /* Products */;
			projectDirPath = "";
			projectRoot = "";
			targets = (
				575637AC203EAFDB00EF656D /* YFWeibo */,
			);
		};
/* End PBXProject section */

/* Begin PBXResourcesBuildPhase section */
		575637AB203EAFDB00EF656D /* Resources */ = {
			isa = PBXResourcesBuildPhase;
			buildActionMask = 2147483647;
			files = (
				575637BB203EAFDB00EF656D /* LaunchScreen.storyboard in Resources */,
				575637B8203EAFDB00EF656D /* Assets.xcassets in Resources */,
			);
			runOnlyForDeploymentPostprocessing = 0;
		};
/* End PBXResourcesBuildPhase section */

/* Begin PBXShellScriptBuildPhase section */
		413AECA0138225BDDBD27EF1 /* [CP] Check Pods Manifest.lock */ = {
			isa = PBXShellScriptBuildPhase;
			buildActionMask = 2147483647;
			files = (
			);
			inputPaths = (
				"${PODS_PODFILE_DIR_PATH}/Podfile.lock",
				"${PODS_ROOT}/Manifest.lock",
			);
			name = "[CP] Check Pods Manifest.lock";
			outputPaths = (
				"$(DERIVED_FILE_DIR)/Pods-YFWeibo-checkManifestLockResult.txt",
			);
			runOnlyForDeploymentPostprocessing = 0;
			shellPath = /bin/sh;
			shellScript = "diff \"${PODS_PODFILE_DIR_PATH}/Podfile.lock\" \"${PODS_ROOT}/Manifest.lock\" > /dev/null\nif [ $? != 0 ] ; then\n    # print error to STDERR\n    echo \"error: The sandbox is not in sync with the Podfile.lock. Run 'pod install' or update your CocoaPods installation.\" >&2\n    exit 1\nfi\n# This output is used by Xcode 'outputs' to avoid re-running this script phase.\necho \"SUCCESS\" > \"${SCRIPT_OUTPUT_FILE_0}\"\n";
			showEnvVarsInLog = 0;
		};
		6774465BB5909B63E6927677 /* [CP] Copy Pods Resources */ = {
			isa = PBXShellScriptBuildPhase;
			buildActionMask = 2147483647;
			files = (
			);
			inputPaths = (
			);
			name = "[CP] Copy Pods Resources";
			outputPaths = (
			);
			runOnlyForDeploymentPostprocessing = 0;
			shellPath = /bin/sh;
			shellScript = "\"${SRCROOT}/Pods/Target Support Files/Pods-YFWeibo/Pods-YFWeibo-resources.sh\"\n";
			showEnvVarsInLog = 0;
		};
		D7470EADC3BCCC8D7EF5D1C6 /* [CP] Embed Pods Frameworks */ = {
			isa = PBXShellScriptBuildPhase;
			buildActionMask = 2147483647;
			files = (
			);
			inputPaths = (
				"${SRCROOT}/Pods/Target Support Files/Pods-YFWeibo/Pods-YFWeibo-frameworks.sh",
				"${BUILT_PRODUCTS_DIR}/AFNetworking/AFNetworking.framework",
				"${BUILT_PRODUCTS_DIR}/MJRefresh/MJRefresh.framework",
				"${BUILT_PRODUCTS_DIR}/SDWebImage/SDWebImage.framework",
				"${BUILT_PRODUCTS_DIR}/SVProgressHUD/SVProgressHUD.framework",
				"${BUILT_PRODUCTS_DIR}/SnapKit/SnapKit.framework",
				"${BUILT_PRODUCTS_DIR}/YYModel/YYModel.framework",
			);
			name = "[CP] Embed Pods Frameworks";
			outputPaths = (
				"${TARGET_BUILD_DIR}/${FRAMEWORKS_FOLDER_PATH}/AFNetworking.framework",
				"${TARGET_BUILD_DIR}/${FRAMEWORKS_FOLDER_PATH}/MJRefresh.framework",
				"${TARGET_BUILD_DIR}/${FRAMEWORKS_FOLDER_PATH}/SDWebImage.framework",
				"${TARGET_BUILD_DIR}/${FRAMEWORKS_FOLDER_PATH}/SVProgressHUD.framework",
				"${TARGET_BUILD_DIR}/${FRAMEWORKS_FOLDER_PATH}/SnapKit.framework",
				"${TARGET_BUILD_DIR}/${FRAMEWORKS_FOLDER_PATH}/YYModel.framework",
			);
			runOnlyForDeploymentPostprocessing = 0;
			shellPath = /bin/sh;
			shellScript = "\"${SRCROOT}/Pods/Target Support Files/Pods-YFWeibo/Pods-YFWeibo-frameworks.sh\"\n";
			showEnvVarsInLog = 0;
		};
/* End PBXShellScriptBuildPhase section */

/* Begin PBXSourcesBuildPhase section */
		575637A9203EAFDB00EF656D /* Sources */ = {
			isa = PBXSourcesBuildPhase;
			buildActionMask = 2147483647;
			files = (
				5727C816203EECC600FC6BE6 /* YFProfileController.swift in Sources */,
				575637B3203EAFDB00EF656D /* ViewController.swift in Sources */,
				5727C810203EEC9C00FC6BE6 /* YFDiscoverController.swift in Sources */,
				5727C81A203FA70500FC6BE6 /* UIButton+Extension.swift in Sources */,
				5727C80C203EEC5F00FC6BE6 /* YFTabBarController.swift in Sources */,
				5727C818203EF80500FC6BE6 /* YFCommon.swift in Sources */,
				5727C812203EECAB00FC6BE6 /* YFHomeController.swift in Sources */,
				575637B1203EAFDB00EF656D /* AppDelegate.swift in Sources */,
				5727C80E203EEC7700FC6BE6 /* YFViewController.swift in Sources */,
				5727C814203EECBA00FC6BE6 /* YFMessageController.swift in Sources */,
			);
			runOnlyForDeploymentPostprocessing = 0;
		};
/* End PBXSourcesBuildPhase section */

/* Begin PBXVariantGroup section */
		575637B9203EAFDB00EF656D /* LaunchScreen.storyboard */ = {
			isa = PBXVariantGroup;
			children = (
				575637BA203EAFDB00EF656D /* Base */,
			);
			name = LaunchScreen.storyboard;
			sourceTree = "<group>";
		};
/* End PBXVariantGroup section */

/* Begin XCBuildConfiguration section */
		575637BD203EAFDB00EF656D /* Debug */ = {
			isa = XCBuildConfiguration;
			buildSettings = {
				ALWAYS_SEARCH_USER_PATHS = NO;
				CLANG_ANALYZER_NONNULL = YES;
				CLANG_ANALYZER_NUMBER_OBJECT_CONVERSION = YES_AGGRESSIVE;
				CLANG_CXX_LANGUAGE_STANDARD = "gnu++14";
				CLANG_CXX_LIBRARY = "libc++";
				CLANG_ENABLE_MODULES = YES;
				CLANG_ENABLE_OBJC_ARC = YES;
				CLANG_WARN_BLOCK_CAPTURE_AUTORELEASING = YES;
				CLANG_WARN_BOOL_CONVERSION = YES;
				CLANG_WARN_COMMA = YES;
				CLANG_WARN_CONSTANT_CONVERSION = YES;
				CLANG_WARN_DIRECT_OBJC_ISA_USAGE = YES_ERROR;
				CLANG_WARN_DOCUMENTATION_COMMENTS = YES;
				CLANG_WARN_EMPTY_BODY = YES;
				CLANG_WARN_ENUM_CONVERSION = YES;
				CLANG_WARN_INFINITE_RECURSION = YES;
				CLANG_WARN_INT_CONVERSION = YES;
				CLANG_WARN_NON_LITERAL_NULL_CONVERSION = YES;
				CLANG_WARN_OBJC_LITERAL_CONVERSION = YES;
				CLANG_WARN_OBJC_ROOT_CLASS = YES_ERROR;
				CLANG_WARN_RANGE_LOOP_ANALYSIS = YES;
				CLANG_WARN_STRICT_PROTOTYPES = YES;
				CLANG_WARN_SUSPICIOUS_MOVE = YES;
				CLANG_WARN_UNGUARDED_AVAILABILITY = YES_AGGRESSIVE;
				CLANG_WARN_UNREACHABLE_CODE = YES;
				CLANG_WARN__DUPLICATE_METHOD_MATCH = YES;
				CODE_SIGN_IDENTITY = "iPhone Developer";
				COPY_PHASE_STRIP = NO;
				DEBUG_INFORMATION_FORMAT = dwarf;
				ENABLE_STRICT_OBJC_MSGSEND = YES;
				ENABLE_TESTABILITY = YES;
				GCC_C_LANGUAGE_STANDARD = gnu11;
				GCC_DYNAMIC_NO_PIC = NO;
				GCC_NO_COMMON_BLOCKS = YES;
				GCC_OPTIMIZATION_LEVEL = 0;
				GCC_PREPROCESSOR_DEFINITIONS = (
					"DEBUG=1",
					"$(inherited)",
				);
				GCC_WARN_64_TO_32_BIT_CONVERSION = YES;
				GCC_WARN_ABOUT_RETURN_TYPE = YES_ERROR;
				GCC_WARN_UNDECLARED_SELECTOR = YES;
				GCC_WARN_UNINITIALIZED_AUTOS = YES_AGGRESSIVE;
				GCC_WARN_UNUSED_FUNCTION = YES;
				GCC_WARN_UNUSED_VARIABLE = YES;
				IPHONEOS_DEPLOYMENT_TARGET = 11.2;
				MTL_ENABLE_DEBUG_INFO = YES;
				ONLY_ACTIVE_ARCH = YES;
				SDKROOT = iphoneos;
				SWIFT_ACTIVE_COMPILATION_CONDITIONS = DEBUG;
				SWIFT_OPTIMIZATION_LEVEL = "-Onone";
			};
			name = Debug;
		};
		575637BE203EAFDB00EF656D /* Release */ = {
			isa = XCBuildConfiguration;
			buildSettings = {
				ALWAYS_SEARCH_USER_PATHS = NO;
				CLANG_ANALYZER_NONNULL = YES;
				CLANG_ANALYZER_NUMBER_OBJECT_CONVERSION = YES_AGGRESSIVE;
				CLANG_CXX_LANGUAGE_STANDARD = "gnu++14";
				CLANG_CXX_LIBRARY = "libc++";
				CLANG_ENABLE_MODULES = YES;
				CLANG_ENABLE_OBJC_ARC = YES;
				CLANG_WARN_BLOCK_CAPTURE_AUTORELEASING = YES;
				CLANG_WARN_BOOL_CONVERSION = YES;
				CLANG_WARN_COMMA = YES;
				CLANG_WARN_CONSTANT_CONVERSION = YES;
				CLANG_WARN_DIRECT_OBJC_ISA_USAGE = YES_ERROR;
				CLANG_WARN_DOCUMENTATION_COMMENTS = YES;
				CLANG_WARN_EMPTY_BODY = YES;
				CLANG_WARN_ENUM_CONVERSION = YES;
				CLANG_WARN_INFINITE_RECURSION = YES;
				CLANG_WARN_INT_CONVERSION = YES;
				CLANG_WARN_NON_LITERAL_NULL_CONVERSION = YES;
				CLANG_WARN_OBJC_LITERAL_CONVERSION = YES;
				CLANG_WARN_OBJC_ROOT_CLASS = YES_ERROR;
				CLANG_WARN_RANGE_LOOP_ANALYSIS = YES;
				CLANG_WARN_STRICT_PROTOTYPES = YES;
				CLANG_WARN_SUSPICIOUS_MOVE = YES;
				CLANG_WARN_UNGUARDED_AVAILABILITY = YES_AGGRESSIVE;
				CLANG_WARN_UNREACHABLE_CODE = YES;
				CLANG_WARN__DUPLICATE_METHOD_MATCH = YES;
				CODE_SIGN_IDENTITY = "iPhone Developer";
				COPY_PHASE_STRIP = NO;
				DEBUG_INFORMATION_FORMAT = "dwarf-with-dsym";
				ENABLE_NS_ASSERTIONS = NO;
				ENABLE_STRICT_OBJC_MSGSEND = YES;
				GCC_C_LANGUAGE_STANDARD = gnu11;
				GCC_NO_COMMON_BLOCKS = YES;
				GCC_WARN_64_TO_32_BIT_CONVERSION = YES;
				GCC_WARN_ABOUT_RETURN_TYPE = YES_ERROR;
				GCC_WARN_UNDECLARED_SELECTOR = YES;
				GCC_WARN_UNINITIALIZED_AUTOS = YES_AGGRESSIVE;
				GCC_WARN_UNUSED_FUNCTION = YES;
				GCC_WARN_UNUSED_VARIABLE = YES;
				IPHONEOS_DEPLOYMENT_TARGET = 11.2;
				MTL_ENABLE_DEBUG_INFO = NO;
				SDKROOT = iphoneos;
				SWIFT_OPTIMIZATION_LEVEL = "-Owholemodule";
				VALIDATE_PRODUCT = YES;
			};
			name = Release;
		};
		575637C0203EAFDB00EF656D /* Debug */ = {
			isa = XCBuildConfiguration;
			baseConfigurationReference = 6CA9B8805CC4D0D0FB4898A7 /* Pods-YFWeibo.debug.xcconfig */;
			buildSettings = {
				ASSETCATALOG_COMPILER_APPICON_NAME = AppIcon;
				CODE_SIGN_STYLE = Automatic;
				DEVELOPMENT_TEAM = C7LGV8HA52;
				INFOPLIST_FILE = YFWeibo/Info.plist;
				IPHONEOS_DEPLOYMENT_TARGET = 9.0;
				LD_RUNPATH_SEARCH_PATHS = "$(inherited) @executable_path/Frameworks";
				PRODUCT_BUNDLE_IDENTIFIER = com.tsaievan.YFWeibo;
				PRODUCT_NAME = "$(TARGET_NAME)";
				SWIFT_VERSION = 4.0;
				TARGETED_DEVICE_FAMILY = "1,2";
			};
			name = Debug;
		};
		575637C1203EAFDB00EF656D /* Release */ = {
			isa = XCBuildConfiguration;
			baseConfigurationReference = 142C15AB9B80C50F7A328063 /* Pods-YFWeibo.release.xcconfig */;
			buildSettings = {
				ASSETCATALOG_COMPILER_APPICON_NAME = AppIcon;
				CODE_SIGN_STYLE = Automatic;
				DEVELOPMENT_TEAM = C7LGV8HA52;
				INFOPLIST_FILE = YFWeibo/Info.plist;
				IPHONEOS_DEPLOYMENT_TARGET = 9.0;
				LD_RUNPATH_SEARCH_PATHS = "$(inherited) @executable_path/Frameworks";
				PRODUCT_BUNDLE_IDENTIFIER = com.tsaievan.YFWeibo;
				PRODUCT_NAME = "$(TARGET_NAME)";
				SWIFT_VERSION = 4.0;
				TARGETED_DEVICE_FAMILY = "1,2";
			};
			name = Release;
		};
/* End XCBuildConfiguration section */

/* Begin XCConfigurationList section */
		575637A8203EAFDB00EF656D /* Build configuration list for PBXProject "YFWeibo" */ = {
			isa = XCConfigurationList;
			buildConfigurations = (
				575637BD203EAFDB00EF656D /* Debug */,
				575637BE203EAFDB00EF656D /* Release */,
			);
			defaultConfigurationIsVisible = 0;
			defaultConfigurationName = Release;
		};
		575637BF203EAFDB00EF656D /* Build configuration list for PBXNativeTarget "YFWeibo" */ = {
			isa = XCConfigurationList;
			buildConfigurations = (
				575637C0203EAFDB00EF656D /* Debug */,
				575637C1203EAFDB00EF656D /* Release */,
			);
			defaultConfigurationIsVisible = 0;
			defaultConfigurationName = Release;
		};
/* End XCConfigurationList section */
	};
	rootObject = 575637A5203EAFDB00EF656D /* Project object */;
}
